
Microsoft Visual Studio Solution File, Format Version 12.00
# Visual Studio Version 17
VisualStudioVersion = 17.12.35527.113
MinimumVisualStudioVersion = 10.0.40219.1
Project("{9A19103F-16F7-4668-BE54-9A1E7A4F7556}") = "EShopService", "EShopService\EShopService.csproj", "{5F6D0EA9-AB66-42EE-94CC-FEFEEE658803}"
EndProject
Project("{9A19103F-16F7-4668-BE54-9A1E7A4F7556}") = "EShop.Application", "EShop.Application\EShop.Application.csproj", "{30A23DBD-A0B8-442E-A59E-A8AB3F8882DF}"
EndProject
Project("{9A19103F-16F7-4668-BE54-9A1E7A4F7556}") = "EShop.Application.Test", "EShop.Application.Test\EShop.Application.Test.csproj", "{633B4BF8-2F5F-4CC0-8D57-A92C43AFA0B1}"
EndProject
Project("{9A19103F-16F7-4668-BE54-9A1E7A4F7556}") = "EShop.Domain", "EShop.Domain\EShop.Domain.csproj", "{6E6487AC-D4E3-4890-9761-2320F9E8283D}"
EndProject
Project("{FAE04EC0-301F-11D3-BF4B-00C04F79EFBC}") = "EShop.Domain.Tests", "EShop.Domain.Tests\EShop.Domain.Tests.csproj", "{1C9BADA4-5D98-483E-8040-858045F7F1CF}"
EndProject
Global
	GlobalSection(SolutionConfigurationPlatforms) = preSolution
		Debug|Any CPU = Debug|Any CPU
		Release|Any CPU = Release|Any CPU
	EndGlobalSection
	GlobalSection(ProjectConfigurationPlatforms) = postSolution
		{5F6D0EA9-AB66-42EE-94CC-FEFEEE658803}.Debug|Any CPU.ActiveCfg = Debug|Any CPU
		{5F6D0EA9-AB66-42EE-94CC-FEFEEE658803}.Debug|Any CPU.Build.0 = Debug|Any CPU
		{5F6D0EA9-AB66-42EE-94CC-FEFEEE658803}.Release|Any CPU.ActiveCfg = Release|Any CPU
		{5F6D0EA9-AB66-42EE-94CC-FEFEEE658803}.Release|Any CPU.Build.0 = Release|Any CPU
		{30A23DBD-A0B8-442E-A59E-A8AB3F8882DF}.Debug|Any CPU.ActiveCfg = Debug|Any CPU
		{30A23DBD-A0B8-442E-A59E-A8AB3F8882DF}.Debug|Any CPU.Build.0 = Debug|Any CPU
		{30A23DBD-A0B8-442E-A59E-A8AB3F8882DF}.Release|Any CPU.ActiveCfg = Release|Any CPU
		{30A23DBD-A0B8-442E-A59E-A8AB3F8882DF}.Release|Any CPU.Build.0 = Release|Any CPU
		{633B4BF8-2F5F-4CC0-8D57-A92C43AFA0B1}.Debug|Any CPU.ActiveCfg = Debug|Any CPU
		{633B4BF8-2F5F-4CC0-8D57-A92C43AFA0B1}.Debug|Any CPU.Build.0 = Debug|Any CPU
		{633B4BF8-2F5F-4CC0-8D57-A92C43AFA0B1}.Release|Any CPU.ActiveCfg = Release|Any CPU
		{633B4BF8-2F5F-4CC0-8D57-A92C43AFA0B1}.Release|Any CPU.Build.0 = Release|Any CPU
		{6E6487AC-D4E3-4890-9761-2320F9E8283D}.Debug|Any CPU.ActiveCfg = Debug|Any CPU
		{6E6487AC-D4E3-4890-9761-2320F9E8283D}.Debug|Any CPU.Build.0 = Debug|Any CPU
		{6E6487AC-D4E3-4890-9761-2320F9E8283D}.Release|Any CPU.ActiveCfg = Release|Any CPU
		{6E6487AC-D4E3-4890-9761-2320F9E8283D}.Release|Any CPU.Build.0 = Release|Any CPU
		{1C9BADA4-5D98-483E-8040-858045F7F1CF}.Debug|Any CPU.ActiveCfg = Debug|Any CPU
		{1C9BADA4-5D98-483E-8040-858045F7F1CF}.Debug|Any CPU.Build.0 = Debug|Any CPU
		{1C9BADA4-5D98-483E-8040-858045F7F1CF}.Release|Any CPU.ActiveCfg = Release|Any CPU
		{1C9BADA4-5D98-483E-8040-858045F7F1CF}.Release|Any CPU.Build.0 = Release|Any CPU
	EndGlobalSection
	GlobalSection(SolutionProperties) = preSolution
		HideSolutionNode = FALSE
	EndGlobalSection
	GlobalSection(ExtensibilityGlobals) = postSolution
		SolutionGuid = {97117F79-703D-4480-A0A5-C9D8FEFA3446}
	EndGlobalSection
EndGlobal
